
Microsoft Visual Studio Solution File, Format Version 12.00
# Visual Studio Version 17
VisualStudioVersion = 17.0.31903.59
MinimumVisualStudioVersion = 10.0.40219.1
Project("{2150E333-8FDC-42A3-9474-1A3956D46DE8}") = "src", "src", "{598FB9BE-12BA-40ED-B7BC-2DDDD9280B17}"
EndProject
Project("{FAE04EC0-301F-11D3-BF4B-00C04F79EFBC}") = "SongQuiz.Common", "src\SongQuiz.Common\SongQuiz.Common.csproj", "{F192A8C3-B3C1-4A05-9967-22FB1CA3EA6B}"
EndProject
Project("{FAE04EC0-301F-11D3-BF4B-00C04F79EFBC}") = "SongQuiz.Quiz", "src\SongQuiz.Quiz\SongQuiz.Quiz.csproj", "{AB605D75-7EDD-4CFF-BC7F-46FB7C55D9CF}"
EndProject
Project("{FAE04EC0-301F-11D3-BF4B-00C04F79EFBC}") = "SongQuiz.Game", "src\SongQuiz.Game\SongQuiz.Game.csproj", "{01B137C4-8534-4AED-9DA9-AB4FA6650519}"
EndProject
Project("{FAE04EC0-301F-11D3-BF4B-00C04F79EFBC}") = "SongQuiz.Server", "src\SongQuiz.Server\SongQuiz.Server.csproj", "{1AC79468-B200-4B08-80B2-BDAD7BCC4F1C}"
EndProject
Project("{2150E333-8FDC-42A3-9474-1A3956D46DE8}") = "tools", "tools", "{609FDFDE-83BA-4A89-9CB6-51FECDE7601B}"
EndProject
Project("{FAE04EC0-301F-11D3-BF4B-00C04F79EFBC}") = "SongQuiz.BankBuilder", "tools\SongQuiz.BankBuilder\SongQuiz.BankBuilder.csproj", "{642A003D-F889-4A8A-B68E-4963890EE63A}"
EndProject
Project("{2150E333-8FDC-42A3-9474-1A3956D46DE8}") = "tests", "tests", "{46E7C400-2E37-44FF-9CB3-26FA42E74134}"
EndProject
Project("{FAE04EC0-301F-11D3-BF4B-00C04F79EFBC}") = "SongQuiz.Quiz.Tests", "tests\SongQuiz.Quiz.Tests\SongQuiz.Quiz.Tests.csproj", "{926F7A68-FCCE-43CF-BCEC-50D668584A6C}"
EndProject
Project("{FAE04EC0-301F-11D3-BF4B-00C04F79EFBC}") = "SongQuiz.Game.Tests", "tests\SongQuiz.Game.Tests\SongQuiz.Game.Tests.csproj", "{BD0C2AEC-D3E4-48D6-8F3F-E7F2D8952B3E}"
EndProject
Global
	GlobalSection(SolutionConfigurationPlatforms) = preSolution
		Debug|Any CPU = Debug|Any CPU
		Release|Any CPU = Release|Any CPU
	EndGlobalSection
	GlobalSection(SolutionProperties) = preSolution
		HideSolutionNode = FALSE
	EndGlobalSection
	GlobalSection(ProjectConfigurationPlatforms) = postSolution
		{F192A8C3-B3C1-4A05-9967-22FB1CA3EA6B}.Debug|Any CPU.ActiveCfg = Debug|Any CPU
		{F192A8C3-B3C1-4A05-9967-22FB1CA3EA6B}.Debug|Any CPU.Build.0 = Debug|Any CPU
		{F192A8C3-B3C1-4A05-9967-22FB1CA3EA6B}.Release|Any CPU.ActiveCfg = Release|Any CPU
		{F192A8C3-B3C1-4A05-9967-22FB1CA3EA6B}.Release|Any CPU.Build.0 = Release|Any CPU
		{AB605D75-7EDD-4CFF-BC7F-46FB7C55D9CF}.Debug|Any CPU.ActiveCfg = Debug|Any CPU
		{AB605D75-7EDD-4CFF-BC7F-46FB7C55D9CF}.Debug|Any CPU.Build.0 = Debug|Any CPU
		{AB605D75-7EDD-4CFF-BC7F-46FB7C55D9CF}.Release|Any CPU.ActiveCfg = Release|Any CPU
		{AB605D75-7EDD-4CFF-BC7F-46FB7C55D9CF}.Release|Any CPU.Build.0 = Release|Any CPU
		{01B137C4-8534-4AED-9DA9-AB4FA6650519}.Debug|Any CPU.ActiveCfg = Debug|Any CPU
		{01B137C4-8534-4AED-9DA9-AB4FA6650519}.Debug|Any CPU.Build.0 = Debug|Any CPU
		{01B137C4-8534-4AED-9DA9-AB4FA6650519}.Release|Any CPU.ActiveCfg = Release|Any CPU
		{01B137C4-8534-4AED-9DA9-AB4FA6650519}.Release|Any CPU.Build.0 = Release|Any CPU
		{1AC79468-B200-4B08-80B2-BDAD7BCC4F1C}.Debug|Any CPU.ActiveCfg = Debug|Any CPU
		{1AC79468-B200-4B08-80B2-BDAD7BCC4F1C}.Debug|Any CPU.Build.0 = Debug|Any CPU
		{1AC79468-B200-4B08-80B2-BDAD7BCC4F1C}.Release|Any CPU.ActiveCfg = Release|Any CPU
		{1AC79468-B200-4B08-80B2-BDAD7BCC4F1C}.Release|Any CPU.Build.0 = Release|Any CPU
		{642A003D-F889-4A8A-B68E-4963890EE63A}.Debug|Any CPU.ActiveCfg = Debug|Any CPU
		{642A003D-F889-4A8A-B68E-4963890EE63A}.Debug|Any CPU.Build.0 = Debug|Any CPU
		{642A003D-F889-4A8A-B68E-4963890EE63A}.Release|Any CPU.ActiveCfg = Release|Any CPU
		{642A003D-F889-4A8A-B68E-4963890EE63A}.Release|Any CPU.Build.0 = Release|Any CPU
		{926F7A68-FCCE-43CF-BCEC-50D668584A6C}.Debug|Any CPU.ActiveCfg = Debug|Any CPU
		{926F7A68-FCCE-43CF-BCEC-50D668584A6C}.Debug|Any CPU.Build.0 = Debug|Any CPU
		{926F7A68-FCCE-43CF-BCEC-50D668584A6C}.Release|Any CPU.ActiveCfg = Release|Any CPU
		{926F7A68-FCCE-43CF-BCEC-50D668584A6C}.Release|Any CPU.Build.0 = Release|Any CPU
		{BD0C2AEC-D3E4-48D6-8F3F-E7F2D8952B3E}.Debug|Any CPU.ActiveCfg = Debug|Any CPU
		{BD0C2AEC-D3E4-48D6-8F3F-E7F2D8952B3E}.Debug|Any CPU.Build.0 = Debug|Any CPU
		{BD0C2AEC-D3E4-48D6-8F3F-E7F2D8952B3E}.Release|Any CPU.ActiveCfg = Release|Any CPU
		{BD0C2AEC-D3E4-48D6-8F3F-E7F2D8952B3E}.Release|Any CPU.Build.0 = Release|Any CPU
	EndGlobalSection
	GlobalSection(NestedProjects) = preSolution
		{F192A8C3-B3C1-4A05-9967-22FB1CA3EA6B} = {598FB9BE-12BA-40ED-B7BC-2DDDD9280B17}
		{AB605D75-7EDD-4CFF-BC7F-46FB7C55D9CF} = {598FB9BE-12BA-40ED-B7BC-2DDDD9280B17}
		{01B137C4-8534-4AED-9DA9-AB4FA6650519} = {598FB9BE-12BA-40ED-B7BC-2DDDD9280B17}
		{1AC79468-B200-4B08-80B2-BDAD7BCC4F1C} = {598FB9BE-12BA-40ED-B7BC-2DDDD9280B17}
		{642A003D-F889-4A8A-B68E-4963890EE63A} = {609FDFDE-83BA-4A89-9CB6-51FECDE7601B}
		{926F7A68-FCCE-43CF-BCEC-50D668584A6C} = {46E7C400-2E37-44FF-9CB3-26FA42E74134}
		{BD0C2AEC-D3E4-48D6-8F3F-E7F2D8952B3E} = {46E7C400-2E37-44FF-9CB3-26FA42E74134}
	EndGlobalSection
EndGlobal
